
Microsoft Visual Studio Solution File, Format Version 12.00
# Visual Studio 15
Project("{FAE04EC0-301F-11D3-BF4B-00C04F79EFBC}") = "Assembly-CSharp", "Assembly-CSharp.csproj", "{99E43BEC-5122-55AF-F0A3-722FFBF455E0}"
EndProject
Project("{FAE04EC0-301F-11D3-BF4B-00C04F79EFBC}") = "UnityPlayModeSaver", "UnityPlayModeSaver.csproj", "{4DBAF8D9-8EF4-D362-D3E4-FD66B2F5AE13}"
EndProject
Project("{FAE04EC0-301F-11D3-BF4B-00C04F79EFBC}") = "UnityPlayModeSaverEditor", "UnityPlayModeSaverEditor.csproj", "{293532CE-95F5-2A1D-0F52-251F5162868E}"
EndProject
Project("{FAE04EC0-301F-11D3-BF4B-00C04F79EFBC}") = "Assembly-CSharp-Editor", "Assembly-CSharp-Editor.csproj", "{FC3C979E-AA95-124D-8868-D4AA69BF7961}"
EndProject
Global
	GlobalSection(SolutionConfigurationPlatforms) = preSolution
		Debug|Any CPU = Debug|Any CPU
		Release|Any CPU = Release|Any CPU
	EndGlobalSection
	GlobalSection(ProjectConfigurationPlatforms) = postSolution
		{99E43BEC-5122-55AF-F0A3-722FFBF455E0}.Debug|Any CPU.ActiveCfg = Debug|Any CPU
		{99E43BEC-5122-55AF-F0A3-722FFBF455E0}.Debug|Any CPU.Build.0 = Debug|Any CPU
		{99E43BEC-5122-55AF-F0A3-722FFBF455E0}.Release|Any CPU.ActiveCfg = Release|Any CPU
		{99E43BEC-5122-55AF-F0A3-722FFBF455E0}.Release|Any CPU.Build.0 = Release|Any CPU
		{4DBAF8D9-8EF4-D362-D3E4-FD66B2F5AE13}.Debug|Any CPU.ActiveCfg = Debug|Any CPU
		{4DBAF8D9-8EF4-D362-D3E4-FD66B2F5AE13}.Debug|Any CPU.Build.0 = Debug|Any CPU
		{4DBAF8D9-8EF4-D362-D3E4-FD66B2F5AE13}.Release|Any CPU.ActiveCfg = Release|Any CPU
		{4DBAF8D9-8EF4-D362-D3E4-FD66B2F5AE13}.Release|Any CPU.Build.0 = Release|Any CPU
		{293532CE-95F5-2A1D-0F52-251F5162868E}.Debug|Any CPU.ActiveCfg = Debug|Any CPU
		{293532CE-95F5-2A1D-0F52-251F5162868E}.Debug|Any CPU.Build.0 = Debug|Any CPU
		{293532CE-95F5-2A1D-0F52-251F5162868E}.Release|Any CPU.ActiveCfg = Release|Any CPU
		{293532CE-95F5-2A1D-0F52-251F5162868E}.Release|Any CPU.Build.0 = Release|Any CPU
		{FC3C979E-AA95-124D-8868-D4AA69BF7961}.Debug|Any CPU.ActiveCfg = Debug|Any CPU
		{FC3C979E-AA95-124D-8868-D4AA69BF7961}.Debug|Any CPU.Build.0 = Debug|Any CPU
		{FC3C979E-AA95-124D-8868-D4AA69BF7961}.Release|Any CPU.ActiveCfg = Release|Any CPU
		{FC3C979E-AA95-124D-8868-D4AA69BF7961}.Release|Any CPU.Build.0 = Release|Any CPU
	EndGlobalSection
	GlobalSection(SolutionProperties) = preSolution
		HideSolutionNode = FALSE
	EndGlobalSection
EndGlobal
